
Microsoft Visual Studio Solution File, Format Version 12.00
# Visual Studio Version 16
VisualStudioVersion = 16.0.29519.87
MinimumVisualStudioVersion = 10.0.40219.1
Project("{8BC9CEB8-8B4A-11D0-8D11-00A0C91BC942}") = "BlackHoleCD", "BlackHoleCD\BlackHoleCD.vcxproj", "{A40F1F65-98F6-4A6C-9733-EC59732AA254}"
EndProject
Global
	GlobalSection(SolutionConfigurationPlatforms) = preSolution
		Debug|x64 = Debug|x64
		Debug|x86 = Debug|x86
		Release|x64 = Release|x64
		Release|x86 = Release|x86
	EndGlobalSection
	GlobalSection(ProjectConfigurationPlatforms) = postSolution
		{A40F1F65-98F6-4A6C-9733-EC59732AA254}.Debug|x64.ActiveCfg = Debug|x64
		{A40F1F65-98F6-4A6C-9733-EC59732AA254}.Debug|x64.Build.0 = Debug|x64
		{A40F1F65-98F6-4A6C-9733-EC59732AA254}.Debug|x86.ActiveCfg = Debug|Win32
		{A40F1F65-98F6-4A6C-9733-EC59732AA254}.Debug|x86.Build.0 = Debug|Win32
		{A40F1F65-98F6-4A6C-9733-EC59732AA254}.Release|x64.ActiveCfg = Release|x64
		{A40F1F65-98F6-4A6C-9733-EC59732AA254}.Release|x64.Build.0 = Release|x64
		{A40F1F65-98F6-4A6C-9733-EC59732AA254}.Release|x86.ActiveCfg = Release|Win32
		{A40F1F65-98F6-4A6C-9733-EC59732AA254}.Release|x86.Build.0 = Release|Win32
	EndGlobalSection
	GlobalSection(SolutionProperties) = preSolution
		HideSolutionNode = FALSE
	EndGlobalSection
	GlobalSection(ExtensibilityGlobals) = postSolution
		SolutionGuid = {E69A1730-F9AB-4064-BBAC-EB201DD90CBB}
	EndGlobalSection
EndGlobal
